{
  "name": "versal",
  "version": "1.0.0",
  "lockfileVersion": 3,
  "requires": true,
  "packages": {
    "": {
      "name": "versal",
      "version": "1.0.0",
      "license": "Apache-2.0",
      "dependencies": {
        "@paypal/paypal-js": "^8.0.4"
      }
    },
    "node_modules/@paypal/paypal-js": {
      "version": "8.0.4",
      "resolved": "https://registry.npmjs.org/@paypal/paypal-js/-/paypal-js-8.0.4.tgz",
      "integrity": "sha512-91g5fhRBHGEBoikDzQT6uBn3PzlJQ75g0c3MvqVJqN0XRm5kHa9wz+6+Uaq8QQuxRzz5C2x55Zg057CW6EuwpQ==",
      "dependencies": {
        "promise-polyfill": "^8.3.0"
      }
    },
    "node_modules/promise-polyfill": {
      "version": "8.3.0",
      "resolved": "https://registry.npmjs.org/promise-polyfill/-/promise-polyfill-8.3.0.tgz",
      "integrity": "sha512-H5oELycFml5yto/atYqmjyigJoAo3+OXwolYiH7OfQuYlAqhxNvTfiNMbV9hsC6Yp83yE5r2KTVmtrG6R9i6Pg=="
    }
  }
}
